
Microsoft Visual Studio Solution File, Format Version 12.00
# Visual Studio Version 16
VisualStudioVersion = 16.0.31515.178
MinimumVisualStudioVersion = 10.0.40219.1
Project("{FAE04EC0-301F-11D3-BF4B-00C04F79EFBC}") = "AudioMeowBinary", "AudioMeowBinary\AudioMeowBinary.csproj", "{23EA8AD6-90B7-4C50-99FA-0922222FCAAB}"
EndProject
Global
	GlobalSection(SolutionConfigurationPlatforms) = preSolution
		Debug|Any CPU = Debug|Any CPU
		Release|Any CPU = Release|Any CPU
	EndGlobalSection
	GlobalSection(ProjectConfigurationPlatforms) = postSolution
		{23EA8AD6-90B7-4C50-99FA-0922222FCAAB}.Debug|Any CPU.ActiveCfg = Debug|Any CPU
		{23EA8AD6-90B7-4C50-99FA-0922222FCAAB}.Debug|Any CPU.Build.0 = Debug|Any CPU
		{23EA8AD6-90B7-4C50-99FA-0922222FCAAB}.Release|Any CPU.ActiveCfg = Release|Any CPU
		{23EA8AD6-90B7-4C50-99FA-0922222FCAAB}.Release|Any CPU.Build.0 = Release|Any CPU
	EndGlobalSection
	GlobalSection(SolutionProperties) = preSolution
		HideSolutionNode = FALSE
	EndGlobalSection
	GlobalSection(ExtensibilityGlobals) = postSolution
		SolutionGuid = {EA777EE7-31C5-4737-8042-3983D282A523}
	EndGlobalSection
EndGlobal
